
Microsoft Visual Studio Solution File, Format Version 12.00
# Visual Studio Version 16
VisualStudioVersion = 16.0.31624.102
MinimumVisualStudioVersion = 10.0.40219.1
Project("{FAE04EC0-301F-11D3-BF4B-00C04F79EFBC}") = "HomeWork0330.Web", "HomeWork0330.Web\HomeWork0330.Web.csproj", "{6E7D6169-D020-4183-B0C2-44B4CB49CCF7}"
EndProject
Project("{FAE04EC0-301F-11D3-BF4B-00C04F79EFBC}") = "HomeWork0330.Data", "HomeWork0330.Data\HomeWork0330.Data.csproj", "{A3379B72-C8D3-4EF5-B3D3-2446A93C9030}"
EndProject
Global
	GlobalSection(SolutionConfigurationPlatforms) = preSolution
		Debug|Any CPU = Debug|Any CPU
		Release|Any CPU = Release|Any CPU
	EndGlobalSection
	GlobalSection(ProjectConfigurationPlatforms) = postSolution
		{6E7D6169-D020-4183-B0C2-44B4CB49CCF7}.Debug|Any CPU.ActiveCfg = Debug|Any CPU
		{6E7D6169-D020-4183-B0C2-44B4CB49CCF7}.Debug|Any CPU.Build.0 = Debug|Any CPU
		{6E7D6169-D020-4183-B0C2-44B4CB49CCF7}.Release|Any CPU.ActiveCfg = Release|Any CPU
		{6E7D6169-D020-4183-B0C2-44B4CB49CCF7}.Release|Any CPU.Build.0 = Release|Any CPU
		{A3379B72-C8D3-4EF5-B3D3-2446A93C9030}.Debug|Any CPU.ActiveCfg = Debug|Any CPU
		{A3379B72-C8D3-4EF5-B3D3-2446A93C9030}.Debug|Any CPU.Build.0 = Debug|Any CPU
		{A3379B72-C8D3-4EF5-B3D3-2446A93C9030}.Release|Any CPU.ActiveCfg = Release|Any CPU
		{A3379B72-C8D3-4EF5-B3D3-2446A93C9030}.Release|Any CPU.Build.0 = Release|Any CPU
	EndGlobalSection
	GlobalSection(SolutionProperties) = preSolution
		HideSolutionNode = FALSE
	EndGlobalSection
	GlobalSection(ExtensibilityGlobals) = postSolution
		SolutionGuid = {6C85CC81-DC4D-4361-ADCB-780D223B9411}
	EndGlobalSection
EndGlobal
